
Microsoft Visual Studio Solution File, Format Version 12.00
# Visual Studio 15
VisualStudioVersion = 15.0.28010.2016
MinimumVisualStudioVersion = 10.0.40219.1
Project("{FAE04EC0-301F-11D3-BF4B-00C04F79EFBC}") = "ChaoticWorkshop.Mods.Template", "ChaoticWorkshopModKit\ChaoticWorkshop.Mods.Template.csproj", "{048701D3-2F67-4D48-8282-451090BFDC9C}"
EndProject
Global
	GlobalSection(SolutionConfigurationPlatforms) = preSolution
		Debug|Any CPU = Debug|Any CPU
		Release|Any CPU = Release|Any CPU
	EndGlobalSection
	GlobalSection(ProjectConfigurationPlatforms) = postSolution
		{048701D3-2F67-4D48-8282-451090BFDC9C}.Debug|Any CPU.ActiveCfg = Debug|Any CPU
		{048701D3-2F67-4D48-8282-451090BFDC9C}.Debug|Any CPU.Build.0 = Debug|Any CPU
		{048701D3-2F67-4D48-8282-451090BFDC9C}.Release|Any CPU.ActiveCfg = Release|Any CPU
		{048701D3-2F67-4D48-8282-451090BFDC9C}.Release|Any CPU.Build.0 = Release|Any CPU
	EndGlobalSection
	GlobalSection(SolutionProperties) = preSolution
		HideSolutionNode = FALSE
	EndGlobalSection
	GlobalSection(ExtensibilityGlobals) = postSolution
		SolutionGuid = {6B7339DA-AB92-40F5-8760-FD44A2B4A3E1}
	EndGlobalSection
EndGlobal
